
Microsoft Visual Studio Solution File, Format Version 12.00
# Visual Studio 14
VisualStudioVersion = 14.0.25123.0
MinimumVisualStudioVersion = 10.0.40219.1
Project("{8BC9CEB8-8B4A-11D0-8D11-00A0C91BC942}") = "01-HeapStack", "01-HeapStack\01-HeapStack.vcxproj", "{33C77E73-AC66-4B0E-AFC4-2338180DBC0F}"
EndProject
Project("{8BC9CEB8-8B4A-11D0-8D11-00A0C91BC942}") = "02-PointerArithmetic", "02-PointerArithmetic\02-PointerArithmetic.vcxproj", "{DA3BC353-C348-48F6-A1E0-63D2805BF84C}"
EndProject
Project("{8BC9CEB8-8B4A-11D0-8D11-00A0C91BC942}") = "03-Refrences", "03-Refrences\03-Refrences.vcxproj", "{974180F0-AA4F-40A2-A12F-2D56B0DEFE6C}"
EndProject
Project("{8BC9CEB8-8B4A-11D0-8D11-00A0C91BC942}") = "04-Compilation", "04-Compilation\04-Compilation.vcxproj", "{681B2A39-C851-4DB9-A01A-9439279DD7A9}"
EndProject
Project("{8BC9CEB8-8B4A-11D0-8D11-00A0C91BC942}") = "05-FileIO", "05-FileIO\05-FileIO.vcxproj", "{84658D01-923F-40EE-93EF-F199B60DA1C3}"
EndProject
Global
	GlobalSection(SolutionConfigurationPlatforms) = preSolution
		Debug|x64 = Debug|x64
		Debug|x86 = Debug|x86
		Release|x64 = Release|x64
		Release|x86 = Release|x86
	EndGlobalSection
	GlobalSection(ProjectConfigurationPlatforms) = postSolution
		{33C77E73-AC66-4B0E-AFC4-2338180DBC0F}.Debug|x64.ActiveCfg = Debug|x64
		{33C77E73-AC66-4B0E-AFC4-2338180DBC0F}.Debug|x64.Build.0 = Debug|x64
		{33C77E73-AC66-4B0E-AFC4-2338180DBC0F}.Debug|x86.ActiveCfg = Debug|Win32
		{33C77E73-AC66-4B0E-AFC4-2338180DBC0F}.Debug|x86.Build.0 = Debug|Win32
		{33C77E73-AC66-4B0E-AFC4-2338180DBC0F}.Release|x64.ActiveCfg = Release|x64
		{33C77E73-AC66-4B0E-AFC4-2338180DBC0F}.Release|x64.Build.0 = Release|x64
		{33C77E73-AC66-4B0E-AFC4-2338180DBC0F}.Release|x86.ActiveCfg = Release|Win32
		{33C77E73-AC66-4B0E-AFC4-2338180DBC0F}.Release|x86.Build.0 = Release|Win32
		{DA3BC353-C348-48F6-A1E0-63D2805BF84C}.Debug|x64.ActiveCfg = Debug|x64
		{DA3BC353-C348-48F6-A1E0-63D2805BF84C}.Debug|x64.Build.0 = Debug|x64
		{DA3BC353-C348-48F6-A1E0-63D2805BF84C}.Debug|x86.ActiveCfg = Debug|Win32
		{DA3BC353-C348-48F6-A1E0-63D2805BF84C}.Debug|x86.Build.0 = Debug|Win32
		{DA3BC353-C348-48F6-A1E0-63D2805BF84C}.Release|x64.ActiveCfg = Release|x64
		{DA3BC353-C348-48F6-A1E0-63D2805BF84C}.Release|x64.Build.0 = Release|x64
		{DA3BC353-C348-48F6-A1E0-63D2805BF84C}.Release|x86.ActiveCfg = Release|Win32
		{DA3BC353-C348-48F6-A1E0-63D2805BF84C}.Release|x86.Build.0 = Release|Win32
		{974180F0-AA4F-40A2-A12F-2D56B0DEFE6C}.Debug|x64.ActiveCfg = Debug|x64
		{974180F0-AA4F-40A2-A12F-2D56B0DEFE6C}.Debug|x64.Build.0 = Debug|x64
		{974180F0-AA4F-40A2-A12F-2D56B0DEFE6C}.Debug|x86.ActiveCfg = Debug|Win32
		{974180F0-AA4F-40A2-A12F-2D56B0DEFE6C}.Debug|x86.Build.0 = Debug|Win32
		{974180F0-AA4F-40A2-A12F-2D56B0DEFE6C}.Release|x64.ActiveCfg = Release|x64
		{974180F0-AA4F-40A2-A12F-2D56B0DEFE6C}.Release|x64.Build.0 = Release|x64
		{974180F0-AA4F-40A2-A12F-2D56B0DEFE6C}.Release|x86.ActiveCfg = Release|Win32
		{974180F0-AA4F-40A2-A12F-2D56B0DEFE6C}.Release|x86.Build.0 = Release|Win32
		{681B2A39-C851-4DB9-A01A-9439279DD7A9}.Debug|x64.ActiveCfg = Debug|x64
		{681B2A39-C851-4DB9-A01A-9439279DD7A9}.Debug|x64.Build.0 = Debug|x64
		{681B2A39-C851-4DB9-A01A-9439279DD7A9}.Debug|x86.ActiveCfg = Debug|Win32
		{681B2A39-C851-4DB9-A01A-9439279DD7A9}.Debug|x86.Build.0 = Debug|Win32
		{681B2A39-C851-4DB9-A01A-9439279DD7A9}.Release|x64.ActiveCfg = Release|x64
		{681B2A39-C851-4DB9-A01A-9439279DD7A9}.Release|x64.Build.0 = Release|x64
		{681B2A39-C851-4DB9-A01A-9439279DD7A9}.Release|x86.ActiveCfg = Release|Win32
		{681B2A39-C851-4DB9-A01A-9439279DD7A9}.Release|x86.Build.0 = Release|Win32
		{84658D01-923F-40EE-93EF-F199B60DA1C3}.Debug|x64.ActiveCfg = Debug|x64
		{84658D01-923F-40EE-93EF-F199B60DA1C3}.Debug|x64.Build.0 = Debug|x64
		{84658D01-923F-40EE-93EF-F199B60DA1C3}.Debug|x86.ActiveCfg = Debug|Win32
		{84658D01-923F-40EE-93EF-F199B60DA1C3}.Debug|x86.Build.0 = Debug|Win32
		{84658D01-923F-40EE-93EF-F199B60DA1C3}.Release|x64.ActiveCfg = Release|x64
		{84658D01-923F-40EE-93EF-F199B60DA1C3}.Release|x64.Build.0 = Release|x64
		{84658D01-923F-40EE-93EF-F199B60DA1C3}.Release|x86.ActiveCfg = Release|Win32
		{84658D01-923F-40EE-93EF-F199B60DA1C3}.Release|x86.Build.0 = Release|Win32
	EndGlobalSection
	GlobalSection(SolutionProperties) = preSolution
		HideSolutionNode = FALSE
	EndGlobalSection
EndGlobal
